
Microsoft Visual Studio Solution File, Format Version 12.00
# Visual Studio Version 16
VisualStudioVersion = 16.0.30128.74
MinimumVisualStudioVersion = 10.0.40219.1
Project("{FAE04EC0-301F-11D3-BF4B-00C04F79EFBC}") = "SmallSimpleSerialConsole", "SmallSimpleSerialConsole.csproj", "{279595FB-4ACC-4FF7-AA2E-E5B3B0BEE581}"
EndProject
Global
	GlobalSection(SolutionConfigurationPlatforms) = preSolution
		Debug|Any CPU = Debug|Any CPU
		Release|Any CPU = Release|Any CPU
	EndGlobalSection
	GlobalSection(ProjectConfigurationPlatforms) = postSolution
		{279595FB-4ACC-4FF7-AA2E-E5B3B0BEE581}.Debug|Any CPU.ActiveCfg = Debug|Any CPU
		{279595FB-4ACC-4FF7-AA2E-E5B3B0BEE581}.Debug|Any CPU.Build.0 = Debug|Any CPU
		{279595FB-4ACC-4FF7-AA2E-E5B3B0BEE581}.Release|Any CPU.ActiveCfg = Release|Any CPU
		{279595FB-4ACC-4FF7-AA2E-E5B3B0BEE581}.Release|Any CPU.Build.0 = Release|Any CPU
	EndGlobalSection
	GlobalSection(SolutionProperties) = preSolution
		HideSolutionNode = FALSE
	EndGlobalSection
	GlobalSection(ExtensibilityGlobals) = postSolution
		SolutionGuid = {58CB05BE-7DC6-4944-8E6A-321F17B1CC0C}
	EndGlobalSection
EndGlobal
